
Microsoft Visual Studio Solution File, Format Version 12.00
# Visual Studio Version 17
VisualStudioVersion = 17.8.34330.188
MinimumVisualStudioVersion = 10.0.40219.1
Project("{6EC3EE1D-3C4E-46DD-8F32-0CC8E7565705}") = "OpilioCraft", "OpilioCraft.fsproj", "{EB22C98C-1EE2-4924-91B3-2BD03E0DCDC1}"
EndProject
Project("{2150E333-8FDC-42A3-9474-1A3956D46DE8}") = "Projektmappenelemente", "Projektmappenelemente", "{5A24CF79-6CAB-4E58-970E-A44A66EB1F95}"
	ProjectSection(SolutionItems) = preProject
		Directory.Build.props = Directory.Build.props
	EndProjectSection
EndProject
Global
	GlobalSection(SolutionConfigurationPlatforms) = preSolution
		Debug|Any CPU = Debug|Any CPU
		Release|Any CPU = Release|Any CPU
	EndGlobalSection
	GlobalSection(ProjectConfigurationPlatforms) = postSolution
		{EB22C98C-1EE2-4924-91B3-2BD03E0DCDC1}.Debug|Any CPU.ActiveCfg = Debug|Any CPU
		{EB22C98C-1EE2-4924-91B3-2BD03E0DCDC1}.Debug|Any CPU.Build.0 = Debug|Any CPU
		{EB22C98C-1EE2-4924-91B3-2BD03E0DCDC1}.Release|Any CPU.ActiveCfg = Release|Any CPU
		{EB22C98C-1EE2-4924-91B3-2BD03E0DCDC1}.Release|Any CPU.Build.0 = Release|Any CPU
	EndGlobalSection
	GlobalSection(SolutionProperties) = preSolution
		HideSolutionNode = FALSE
	EndGlobalSection
	GlobalSection(ExtensibilityGlobals) = postSolution
		SolutionGuid = {985D6D1F-AC80-43F2-95AE-C242445B7FE9}
	EndGlobalSection
EndGlobal
